// !$*UTF8*$!
{
	archiveVersion = 1;
	classes = {
	};
	objectVersion = 46;
	objects = {

/* Begin PBXBuildFile section */
		4BA9065534843CA24782836A /* Pods_New002_Tests.framework in Frameworks */ = {isa = PBXBuildFile; fileRef = D4E19E362722843AD644DD7F /* Pods_New002_Tests.framework */; };
		6003F58E195388D20070C39A /* Foundation.framework in Frameworks */ = {isa = PBXBuildFile; fileRef = 6003F58D195388D20070C39A /* Foundation.framework */; };
		6003F590195388D20070C39A /* CoreGraphics.framework in Frameworks */ = {isa = PBXBuildFile; fileRef = 6003F58F195388D20070C39A /* CoreGraphics.framework */; };
		6003F592195388D20070C39A /* UIKit.framework in Frameworks */ = {isa = PBXBuildFile; fileRef = 6003F591195388D20070C39A /* UIKit.framework */; };
		6003F598195388D20070C39A /* InfoPlist.strings in Resources */ = {isa = PBXBuildFile; fileRef = 6003F596195388D20070C39A /* InfoPlist.strings */; };
		6003F59A195388D20070C39A /* main.m in Sources */ = {isa = PBXBuildFile; fileRef = 6003F599195388D20070C39A /* main.m */; };
		6003F59E195388D20070C39A /* NAppDelegate.m in Sources */ = {isa = PBXBuildFile; fileRef = 6003F59D195388D20070C39A /* NAppDelegate.m */; };
		6003F5A7195388D20070C39A /* NViewController.m in Sources */ = {isa = PBXBuildFile; fileRef = 6003F5A6195388D20070C39A /* NViewController.m */; };
		6003F5A9195388D20070C39A /* Images.xcassets in Resources */ = {isa = PBXBuildFile; fileRef = 6003F5A8195388D20070C39A /* Images.xcassets */; };
		6003F5B0195388D20070C39A /* XCTest.framework in Frameworks */ = {isa = PBXBuildFile; fileRef = 6003F5AF195388D20070C39A /* XCTest.framework */; };
		6003F5B1195388D20070C39A /* Foundation.framework in Frameworks */ = {isa = PBXBuildFile; fileRef = 6003F58D195388D20070C39A /* Foundation.framework */; };
		6003F5B2195388D20070C39A /* UIKit.framework in Frameworks */ = {isa = PBXBuildFile; fileRef = 6003F591195388D20070C39A /* UIKit.framework */; };
		6003F5BA195388D20070C39A /* InfoPlist.strings in Resources */ = {isa = PBXBuildFile; fileRef = 6003F5B8195388D20070C39A /* InfoPlist.strings */; };
		6003F5BC195388D20070C39A /* Tests.m in Sources */ = {isa = PBXBuildFile; fileRef = 6003F5BB195388D20070C39A /* Tests.m */; };
		6D29F9772508CC0600F23B70 /* Mao.m in Sources */ = {isa = PBXBuildFile; fileRef = 6D29F9762508CC0600F23B70 /* Mao.m */; };
		6D29F9792508CC3800F23B70 /* Mao.h in Headers */ = {isa = PBXBuildFile; fileRef = 6D29F9752508CC0600F23B70 /* Mao.h */; settings = {ATTRIBUTES = (Public, ); }; };
		6D29F97B2508CC7E00F23B70 /* lib in CopyFiles */ = {isa = PBXBuildFile; fileRef = 6D29F97A2508CC7E00F23B70 /* lib */; };
		71719F9F1E33DC2100824A3D /* LaunchScreen.storyboard in Resources */ = {isa = PBXBuildFile; fileRef = 71719F9D1E33DC2100824A3D /* LaunchScreen.storyboard */; };
		873B8AEB1B1F5CCA007FD442 /* Main.storyboard in Resources */ = {isa = PBXBuildFile; fileRef = 873B8AEA1B1F5CCA007FD442 /* Main.storyboard */; };
		DC2E2CF8C4237A156BDA7668 /* Pods_New002_Example.framework in Frameworks */ = {isa = PBXBuildFile; fileRef = 78B2EDFF4BA9406FC3FD094A /* Pods_New002_Example.framework */; };
/* End PBXBuildFile section */

/* Begin PBXContainerItemProxy section */
		6003F5B3195388D20070C39A /* PBXContainerItemProxy */ = {
			isa = PBXContainerItemProxy;
			containerPortal = 6003F582195388D10070C39A /* Project object */;
			proxyType = 1;
			remoteGlobalIDString = 6003F589195388D20070C39A;
			remoteInfo = New002;
		};
/* End PBXContainerItemProxy section */

/* Begin PBXCopyFilesBuildPhase section */
		6D29F96A2508CBE600F23B70 /* CopyFiles */ = {
			isa = PBXCopyFilesBuildPhase;
			buildActionMask = 2147483647;
			dstPath = Users/lipingkuan/Desktop/New002/New002/lib;
			dstSubfolderSpec = 16;
			files = (
				6D29F97B2508CC7E00F23B70 /* lib in CopyFiles */,
			);
			runOnlyForDeploymentPostprocessing = 0;
		};
/* End PBXCopyFilesBuildPhase section */

/* Begin PBXFileReference section */
		160989EB8BD97594C4B74ADE /* New002.podspec */ = {isa = PBXFileReference; includeInIndex = 1; lastKnownFileType = text; name = New002.podspec; path = ../New002.podspec; sourceTree = "<group>"; };
		3215A53C9207E228243FB422 /* Pods-New002_Tests.release.xcconfig */ = {isa = PBXFileReference; includeInIndex = 1; lastKnownFileType = text.xcconfig; name = "Pods-New002_Tests.release.xcconfig"; path = "Target Support Files/Pods-New002_Tests/Pods-New002_Tests.release.xcconfig"; sourceTree = "<group>"; };
		3638C856CE13F8D3F47ACBA2 /* Pods-New002_Example.release.xcconfig */ = {isa = PBXFileReference; includeInIndex = 1; lastKnownFileType = text.xcconfig; name = "Pods-New002_Example.release.xcconfig"; path = "Target Support Files/Pods-New002_Example/Pods-New002_Example.release.xcconfig"; sourceTree = "<group>"; };
		40E37464D759D1F7D460A060 /* LICENSE */ = {isa = PBXFileReference; includeInIndex = 1; lastKnownFileType = text; name = LICENSE; path = ../LICENSE; sourceTree = "<group>"; };
		4A3AEBAA447FD66E1BE7F653 /* Pods-New002.release.xcconfig */ = {isa = PBXFileReference; includeInIndex = 1; lastKnownFileType = text.xcconfig; name = "Pods-New002.release.xcconfig"; path = "Target Support Files/Pods-New002/Pods-New002.release.xcconfig"; sourceTree = "<group>"; };
		6003F58A195388D20070C39A /* New002_Example.app */ = {isa = PBXFileReference; explicitFileType = wrapper.application; includeInIndex = 0; path = New002_Example.app; sourceTree = BUILT_PRODUCTS_DIR; };
		6003F58D195388D20070C39A /* Foundation.framework */ = {isa = PBXFileReference; lastKnownFileType = wrapper.framework; name = Foundation.framework; path = System/Library/Frameworks/Foundation.framework; sourceTree = SDKROOT; };
		6003F58F195388D20070C39A /* CoreGraphics.framework */ = {isa = PBXFileReference; lastKnownFileType = wrapper.framework; name = CoreGraphics.framework; path = System/Library/Frameworks/CoreGraphics.framework; sourceTree = SDKROOT; };
		6003F591195388D20070C39A /* UIKit.framework */ = {isa = PBXFileReference; lastKnownFileType = wrapper.framework; name = UIKit.framework; path = System/Library/Frameworks/UIKit.framework; sourceTree = SDKROOT; };
		6003F595195388D20070C39A /* New002-Info.plist */ = {isa = PBXFileReference; lastKnownFileType = text.plist.xml; path = "New002-Info.plist"; sourceTree = "<group>"; };
		6003F597195388D20070C39A /* en */ = {isa = PBXFileReference; lastKnownFileType = text.plist.strings; name = en; path = en.lproj/InfoPlist.strings; sourceTree = "<group>"; };
		6003F599195388D20070C39A /* main.m */ = {isa = PBXFileReference; lastKnownFileType = sourcecode.c.objc; path = main.m; sourceTree = "<group>"; };
		6003F59B195388D20070C39A /* New002-Prefix.pch */ = {isa = PBXFileReference; lastKnownFileType = sourcecode.c.h; path = "New002-Prefix.pch"; sourceTree = "<group>"; };
		6003F59C195388D20070C39A /* NAppDelegate.h */ = {isa = PBXFileReference; lastKnownFileType = sourcecode.c.h; path = NAppDelegate.h; sourceTree = "<group>"; };
		6003F59D195388D20070C39A /* NAppDelegate.m */ = {isa = PBXFileReference; lastKnownFileType = sourcecode.c.objc; path = NAppDelegate.m; sourceTree = "<group>"; };
		6003F5A5195388D20070C39A /* NViewController.h */ = {isa = PBXFileReference; lastKnownFileType = sourcecode.c.h; path = NViewController.h; sourceTree = "<group>"; };
		6003F5A6195388D20070C39A /* NViewController.m */ = {isa = PBXFileReference; lastKnownFileType = sourcecode.c.objc; path = NViewController.m; sourceTree = "<group>"; };
		6003F5A8195388D20070C39A /* Images.xcassets */ = {isa = PBXFileReference; lastKnownFileType = folder.assetcatalog; path = Images.xcassets; sourceTree = "<group>"; };
		6003F5AE195388D20070C39A /* New002_Tests.xctest */ = {isa = PBXFileReference; explicitFileType = wrapper.cfbundle; includeInIndex = 0; path = New002_Tests.xctest; sourceTree = BUILT_PRODUCTS_DIR; };
		6003F5AF195388D20070C39A /* XCTest.framework */ = {isa = PBXFileReference; lastKnownFileType = wrapper.framework; name = XCTest.framework; path = Library/Frameworks/XCTest.framework; sourceTree = DEVELOPER_DIR; };
		6003F5B7195388D20070C39A /* Tests-Info.plist */ = {isa = PBXFileReference; lastKnownFileType = text.plist.xml; path = "Tests-Info.plist"; sourceTree = "<group>"; };
		6003F5B9195388D20070C39A /* en */ = {isa = PBXFileReference; lastKnownFileType = text.plist.strings; name = en; path = en.lproj/InfoPlist.strings; sourceTree = "<group>"; };
		6003F5BB195388D20070C39A /* Tests.m */ = {isa = PBXFileReference; lastKnownFileType = sourcecode.c.objc; path = Tests.m; sourceTree = "<group>"; };
		606FC2411953D9B200FFA9A0 /* Tests-Prefix.pch */ = {isa = PBXFileReference; lastKnownFileType = sourcecode.c.h; path = "Tests-Prefix.pch"; sourceTree = "<group>"; };
		6D29F96C2508CBE600F23B70 /* libNew002binary.a */ = {isa = PBXFileReference; explicitFileType = archive.ar; includeInIndex = 0; path = libNew002binary.a; sourceTree = BUILT_PRODUCTS_DIR; };
		6D29F9752508CC0600F23B70 /* Mao.h */ = {isa = PBXFileReference; fileEncoding = 4; lastKnownFileType = sourcecode.c.h; name = Mao.h; path = ../../New002/Classes/Mao.h; sourceTree = "<group>"; };
		6D29F9762508CC0600F23B70 /* Mao.m */ = {isa = PBXFileReference; fileEncoding = 4; lastKnownFileType = sourcecode.c.objc; name = Mao.m; path = ../../New002/Classes/Mao.m; sourceTree = "<group>"; };
		6D29F97A2508CC7E00F23B70 /* lib */ = {isa = PBXFileReference; lastKnownFileType = folder; name = lib; path = ../New002/lib; sourceTree = "<group>"; };
		71719F9E1E33DC2100824A3D /* Base */ = {isa = PBXFileReference; lastKnownFileType = file.storyboard; name = Base; path = Base.lproj/LaunchScreen.storyboard; sourceTree = "<group>"; };
		717FDC701BCA77839FC7BAEC /* Pods-New002_Tests.debug.xcconfig */ = {isa = PBXFileReference; includeInIndex = 1; lastKnownFileType = text.xcconfig; name = "Pods-New002_Tests.debug.xcconfig"; path = "Target Support Files/Pods-New002_Tests/Pods-New002_Tests.debug.xcconfig"; sourceTree = "<group>"; };
		78B2EDFF4BA9406FC3FD094A /* Pods_New002_Example.framework */ = {isa = PBXFileReference; explicitFileType = wrapper.framework; includeInIndex = 0; path = Pods_New002_Example.framework; sourceTree = BUILT_PRODUCTS_DIR; };
		873B8AEA1B1F5CCA007FD442 /* Main.storyboard */ = {isa = PBXFileReference; fileEncoding = 4; lastKnownFileType = file.storyboard; name = Main.storyboard; path = Base.lproj/Main.storyboard; sourceTree = "<group>"; };
		AFDF9BEFDE17AAEA8E17490B /* Pods_New002.framework */ = {isa = PBXFileReference; explicitFileType = wrapper.framework; includeInIndex = 0; path = Pods_New002.framework; sourceTree = BUILT_PRODUCTS_DIR; };
		B06B2B8CC34937EC91FEE5B7 /* README.md */ = {isa = PBXFileReference; includeInIndex = 1; lastKnownFileType = net.daringfireball.markdown; name = README.md; path = ../README.md; sourceTree = "<group>"; };
		D4E19E362722843AD644DD7F /* Pods_New002_Tests.framework */ = {isa = PBXFileReference; explicitFileType = wrapper.framework; includeInIndex = 0; path = Pods_New002_Tests.framework; sourceTree = BUILT_PRODUCTS_DIR; };
		D5B72640AB362C2983D23DFB /* Pods-New002_Example.debug.xcconfig */ = {isa = PBXFileReference; includeInIndex = 1; lastKnownFileType = text.xcconfig; name = "Pods-New002_Example.debug.xcconfig"; path = "Target Support Files/Pods-New002_Example/Pods-New002_Example.debug.xcconfig"; sourceTree = "<group>"; };
		D8B96E0FD947AB3232095B5E /* Pods-New002.debug.xcconfig */ = {isa = PBXFileReference; includeInIndex = 1; lastKnownFileType = text.xcconfig; name = "Pods-New002.debug.xcconfig"; path = "Target Support Files/Pods-New002/Pods-New002.debug.xcconfig"; sourceTree = "<group>"; };
/* End PBXFileReference section */

/* Begin PBXFrameworksBuildPhase section */
		6003F587195388D20070C39A /* Frameworks */ = {
			isa = PBXFrameworksBuildPhase;
			buildActionMask = 2147483647;
			files = (
				6003F590195388D20070C39A /* CoreGraphics.framework in Frameworks */,
				6003F592195388D20070C39A /* UIKit.framework in Frameworks */,
				6003F58E195388D20070C39A /* Foundation.framework in Frameworks */,
				DC2E2CF8C4237A156BDA7668 /* Pods_New002_Example.framework in Frameworks */,
			);
			runOnlyForDeploymentPostprocessing = 0;
		};
		6003F5AB195388D20070C39A /* Frameworks */ = {
			isa = PBXFrameworksBuildPhase;
			buildActionMask = 2147483647;
			files = (
				6003F5B0195388D20070C39A /* XCTest.framework in Frameworks */,
				6003F5B2195388D20070C39A /* UIKit.framework in Frameworks */,
				6003F5B1195388D20070C39A /* Foundation.framework in Frameworks */,
				4BA9065534843CA24782836A /* Pods_New002_Tests.framework in Frameworks */,
			);
			runOnlyForDeploymentPostprocessing = 0;
		};
		6D29F9692508CBE600F23B70 /* Frameworks */ = {
			isa = PBXFrameworksBuildPhase;
			buildActionMask = 2147483647;
			files = (
			);
			runOnlyForDeploymentPostprocessing = 0;
		};
/* End PBXFrameworksBuildPhase section */

/* Begin PBXGroup section */
		6003F581195388D10070C39A = {
			isa = PBXGroup;
			children = (
				6D29F97A2508CC7E00F23B70 /* lib */,
				60FF7A9C1954A5C5007DD14C /* Podspec Metadata */,
				6003F593195388D20070C39A /* Example for New002 */,
				6003F5B5195388D20070C39A /* Tests */,
				6D29F96D2508CBE600F23B70 /* New002binary */,
				6003F58C195388D20070C39A /* Frameworks */,
				6003F58B195388D20070C39A /* Products */,
				9F9FAC2AD84A4ED87F763973 /* Pods */,
			);
			sourceTree = "<group>";
		};
		6003F58B195388D20070C39A /* Products */ = {
			isa = PBXGroup;
			children = (
				6003F58A195388D20070C39A /* New002_Example.app */,
				6003F5AE195388D20070C39A /* New002_Tests.xctest */,
				6D29F96C2508CBE600F23B70 /* libNew002binary.a */,
			);
			name = Products;
			sourceTree = "<group>";
		};
		6003F58C195388D20070C39A /* Frameworks */ = {
			isa = PBXGroup;
			children = (
				6003F58D195388D20070C39A /* Foundation.framework */,
				6003F58F195388D20070C39A /* CoreGraphics.framework */,
				6003F591195388D20070C39A /* UIKit.framework */,
				6003F5AF195388D20070C39A /* XCTest.framework */,
				78B2EDFF4BA9406FC3FD094A /* Pods_New002_Example.framework */,
				D4E19E362722843AD644DD7F /* Pods_New002_Tests.framework */,
				AFDF9BEFDE17AAEA8E17490B /* Pods_New002.framework */,
			);
			name = Frameworks;
			sourceTree = "<group>";
		};
		6003F593195388D20070C39A /* Example for New002 */ = {
			isa = PBXGroup;
			children = (
				6003F59C195388D20070C39A /* NAppDelegate.h */,
				6003F59D195388D20070C39A /* NAppDelegate.m */,
				873B8AEA1B1F5CCA007FD442 /* Main.storyboard */,
				6003F5A5195388D20070C39A /* NViewController.h */,
				6003F5A6195388D20070C39A /* NViewController.m */,
				71719F9D1E33DC2100824A3D /* LaunchScreen.storyboard */,
				6003F5A8195388D20070C39A /* Images.xcassets */,
				6003F594195388D20070C39A /* Supporting Files */,
			);
			name = "Example for New002";
			path = New002;
			sourceTree = "<group>";
		};
		6003F594195388D20070C39A /* Supporting Files */ = {
			isa = PBXGroup;
			children = (
				6003F595195388D20070C39A /* New002-Info.plist */,
				6003F596195388D20070C39A /* InfoPlist.strings */,
				6003F599195388D20070C39A /* main.m */,
				6003F59B195388D20070C39A /* New002-Prefix.pch */,
			);
			name = "Supporting Files";
			sourceTree = "<group>";
		};
		6003F5B5195388D20070C39A /* Tests */ = {
			isa = PBXGroup;
			children = (
				6003F5BB195388D20070C39A /* Tests.m */,
				6003F5B6195388D20070C39A /* Supporting Files */,
			);
			path = Tests;
			sourceTree = "<group>";
		};
		6003F5B6195388D20070C39A /* Supporting Files */ = {
			isa = PBXGroup;
			children = (
				6003F5B7195388D20070C39A /* Tests-Info.plist */,
				6003F5B8195388D20070C39A /* InfoPlist.strings */,
				606FC2411953D9B200FFA9A0 /* Tests-Prefix.pch */,
			);
			name = "Supporting Files";
			sourceTree = "<group>";
		};
		60FF7A9C1954A5C5007DD14C /* Podspec Metadata */ = {
			isa = PBXGroup;
			children = (
				160989EB8BD97594C4B74ADE /* New002.podspec */,
				B06B2B8CC34937EC91FEE5B7 /* README.md */,
				40E37464D759D1F7D460A060 /* LICENSE */,
			);
			name = "Podspec Metadata";
			sourceTree = "<group>";
		};
		6D29F96D2508CBE600F23B70 /* New002binary */ = {
			isa = PBXGroup;
			children = (
				6D29F9752508CC0600F23B70 /* Mao.h */,
				6D29F9762508CC0600F23B70 /* Mao.m */,
			);
			path = New002binary;
			sourceTree = "<group>";
		};
		9F9FAC2AD84A4ED87F763973 /* Pods */ = {
			isa = PBXGroup;
			children = (
				D5B72640AB362C2983D23DFB /* Pods-New002_Example.debug.xcconfig */,
				3638C856CE13F8D3F47ACBA2 /* Pods-New002_Example.release.xcconfig */,
				717FDC701BCA77839FC7BAEC /* Pods-New002_Tests.debug.xcconfig */,
				3215A53C9207E228243FB422 /* Pods-New002_Tests.release.xcconfig */,
				D8B96E0FD947AB3232095B5E /* Pods-New002.debug.xcconfig */,
				4A3AEBAA447FD66E1BE7F653 /* Pods-New002.release.xcconfig */,
			);
			path = Pods;
			sourceTree = "<group>";
		};
/* End PBXGroup section */

/* Begin PBXHeadersBuildPhase section */
		6D29F9782508CC3200F23B70 /* Headers */ = {
			isa = PBXHeadersBuildPhase;
			buildActionMask = 2147483647;
			files = (
				6D29F9792508CC3800F23B70 /* Mao.h in Headers */,
			);
			runOnlyForDeploymentPostprocessing = 0;
		};
/* End PBXHeadersBuildPhase section */

/* Begin PBXNativeTarget section */
		6003F589195388D20070C39A /* New002_Example */ = {
			isa = PBXNativeTarget;
			buildConfigurationList = 6003F5BF195388D20070C39A /* Build configuration list for PBXNativeTarget "New002_Example" */;
			buildPhases = (
				DBA24F1D33E735F624AF56C1 /* [CP] Check Pods Manifest.lock */,
				6003F586195388D20070C39A /* Sources */,
				6003F587195388D20070C39A /* Frameworks */,
				6003F588195388D20070C39A /* Resources */,
				5C52F1078F3EC6CC21949435 /* [CP] Embed Pods Frameworks */,
			);
			buildRules = (
			);
			dependencies = (
			);
			name = New002_Example;
			productName = New002;
			productReference = 6003F58A195388D20070C39A /* New002_Example.app */;
			productType = "com.apple.product-type.application";
		};
		6003F5AD195388D20070C39A /* New002_Tests */ = {
			isa = PBXNativeTarget;
			buildConfigurationList = 6003F5C2195388D20070C39A /* Build configuration list for PBXNativeTarget "New002_Tests" */;
			buildPhases = (
				FD30F156C5CA9C9078318CA8 /* [CP] Check Pods Manifest.lock */,
				6003F5AA195388D20070C39A /* Sources */,
				6003F5AB195388D20070C39A /* Frameworks */,
				6003F5AC195388D20070C39A /* Resources */,
			);
			buildRules = (
			);
			dependencies = (
				6003F5B4195388D20070C39A /* PBXTargetDependency */,
			);
			name = New002_Tests;
			productName = New002Tests;
			productReference = 6003F5AE195388D20070C39A /* New002_Tests.xctest */;
			productType = "com.apple.product-type.bundle.unit-test";
		};
		6D29F96B2508CBE600F23B70 /* New002binary */ = {
			isa = PBXNativeTarget;
			buildConfigurationList = 6D29F9722508CBE600F23B70 /* Build configuration list for PBXNativeTarget "New002binary" */;
			buildPhases = (
				6D29F9782508CC3200F23B70 /* Headers */,
				6D29F9682508CBE600F23B70 /* Sources */,
				6D29F9692508CBE600F23B70 /* Frameworks */,
				6D29F96A2508CBE600F23B70 /* CopyFiles */,
			);
			buildRules = (
			);
			dependencies = (
			);
			name = New002binary;
			productName = New002binary;
			productReference = 6D29F96C2508CBE600F23B70 /* libNew002binary.a */;
			productType = "com.apple.product-type.library.static";
		};
/* End PBXNativeTarget section */

/* Begin PBXProject section */
		6003F582195388D10070C39A /* Project object */ = {
			isa = PBXProject;
			attributes = {
				CLASSPREFIX = N;
				LastUpgradeCheck = 0720;
				ORGANIZATIONNAME = woshiyituonifen;
				TargetAttributes = {
					6003F5AD195388D20070C39A = {
						TestTargetID = 6003F589195388D20070C39A;
					};
					6D29F96B2508CBE600F23B70 = {
						CreatedOnToolsVersion = 11.6;
						ProvisioningStyle = Automatic;
					};
				};
			};
			buildConfigurationList = 6003F585195388D10070C39A /* Build configuration list for PBXProject "New002" */;
			compatibilityVersion = "Xcode 3.2";
			developmentRegion = English;
			hasScannedForEncodings = 0;
			knownRegions = (
				English,
				en,
				Base,
			);
			mainGroup = 6003F581195388D10070C39A;
			productRefGroup = 6003F58B195388D20070C39A /* Products */;
			projectDirPath = "";
			projectRoot = "";
			targets = (
				6003F589195388D20070C39A /* New002_Example */,
				6003F5AD195388D20070C39A /* New002_Tests */,
				6D29F96B2508CBE600F23B70 /* New002binary */,
			);
		};
/* End PBXProject section */

/* Begin PBXResourcesBuildPhase section */
		6003F588195388D20070C39A /* Resources */ = {
			isa = PBXResourcesBuildPhase;
			buildActionMask = 2147483647;
			files = (
				873B8AEB1B1F5CCA007FD442 /* Main.storyboard in Resources */,
				71719F9F1E33DC2100824A3D /* LaunchScreen.storyboard in Resources */,
				6003F5A9195388D20070C39A /* Images.xcassets in Resources */,
				6003F598195388D20070C39A /* InfoPlist.strings in Resources */,
			);
			runOnlyForDeploymentPostprocessing = 0;
		};
		6003F5AC195388D20070C39A /* Resources */ = {
			isa = PBXResourcesBuildPhase;
			buildActionMask = 2147483647;
			files = (
				6003F5BA195388D20070C39A /* InfoPlist.strings in Resources */,
			);
			runOnlyForDeploymentPostprocessing = 0;
		};
/* End PBXResourcesBuildPhase section */

/* Begin PBXShellScriptBuildPhase section */
		5C52F1078F3EC6CC21949435 /* [CP] Embed Pods Frameworks */ = {
			isa = PBXShellScriptBuildPhase;
			buildActionMask = 2147483647;
			files = (
			);
			inputFileListPaths = (
			);
			inputPaths = (
				"${PODS_ROOT}/Target Support Files/Pods-New002_Example/Pods-New002_Example-frameworks.sh",
				"${BUILT_PRODUCTS_DIR}/New002/New002.framework",
			);
			name = "[CP] Embed Pods Frameworks";
			outputFileListPaths = (
			);
			outputPaths = (
				"${TARGET_BUILD_DIR}/${FRAMEWORKS_FOLDER_PATH}/New002.framework",
			);
			runOnlyForDeploymentPostprocessing = 0;
			shellPath = /bin/sh;
			shellScript = "\"${PODS_ROOT}/Target Support Files/Pods-New002_Example/Pods-New002_Example-frameworks.sh\"\n";
			showEnvVarsInLog = 0;
		};
		DBA24F1D33E735F624AF56C1 /* [CP] Check Pods Manifest.lock */ = {
			isa = PBXShellScriptBuildPhase;
			buildActionMask = 2147483647;
			files = (
			);
			inputFileListPaths = (
			);
			inputPaths = (
				"${PODS_PODFILE_DIR_PATH}/Podfile.lock",
				"${PODS_ROOT}/Manifest.lock",
			);
			name = "[CP] Check Pods Manifest.lock";
			outputFileListPaths = (
			);
			outputPaths = (
				"$(DERIVED_FILE_DIR)/Pods-New002_Example-checkManifestLockResult.txt",
			);
			runOnlyForDeploymentPostprocessing = 0;
			shellPath = /bin/sh;
			shellScript = "diff \"${PODS_PODFILE_DIR_PATH}/Podfile.lock\" \"${PODS_ROOT}/Manifest.lock\" > /dev/null\nif [ $? != 0 ] ; then\n    # print error to STDERR\n    echo \"error: The sandbox is not in sync with the Podfile.lock. Run 'pod install' or update your CocoaPods installation.\" >&2\n    exit 1\nfi\n# This output is used by Xcode 'outputs' to avoid re-running this script phase.\necho \"SUCCESS\" > \"${SCRIPT_OUTPUT_FILE_0}\"\n";
			showEnvVarsInLog = 0;
		};
		FD30F156C5CA9C9078318CA8 /* [CP] Check Pods Manifest.lock */ = {
			isa = PBXShellScriptBuildPhase;
			buildActionMask = 2147483647;
			files = (
			);
			inputFileListPaths = (
			);
			inputPaths = (
				"${PODS_PODFILE_DIR_PATH}/Podfile.lock",
				"${PODS_ROOT}/Manifest.lock",
			);
			name = "[CP] Check Pods Manifest.lock";
			outputFileListPaths = (
			);
			outputPaths = (
				"$(DERIVED_FILE_DIR)/Pods-New002_Tests-checkManifestLockResult.txt",
			);
			runOnlyForDeploymentPostprocessing = 0;
			shellPath = /bin/sh;
			shellScript = "diff \"${PODS_PODFILE_DIR_PATH}/Podfile.lock\" \"${PODS_ROOT}/Manifest.lock\" > /dev/null\nif [ $? != 0 ] ; then\n    # print error to STDERR\n    echo \"error: The sandbox is not in sync with the Podfile.lock. Run 'pod install' or update your CocoaPods installation.\" >&2\n    exit 1\nfi\n# This output is used by Xcode 'outputs' to avoid re-running this script phase.\necho \"SUCCESS\" > \"${SCRIPT_OUTPUT_FILE_0}\"\n";
			showEnvVarsInLog = 0;
		};
/* End PBXShellScriptBuildPhase section */

/* Begin PBXSourcesBuildPhase section */
		6003F586195388D20070C39A /* Sources */ = {
			isa = PBXSourcesBuildPhase;
			buildActionMask = 2147483647;
			files = (
				6003F59E195388D20070C39A /* NAppDelegate.m in Sources */,
				6003F5A7195388D20070C39A /* NViewController.m in Sources */,
				6003F59A195388D20070C39A /* main.m in Sources */,
			);
			runOnlyForDeploymentPostprocessing = 0;
		};
		6003F5AA195388D20070C39A /* Sources */ = {
			isa = PBXSourcesBuildPhase;
			buildActionMask = 2147483647;
			files = (
				6003F5BC195388D20070C39A /* Tests.m in Sources */,
			);
			runOnlyForDeploymentPostprocessing = 0;
		};
		6D29F9682508CBE600F23B70 /* Sources */ = {
			isa = PBXSourcesBuildPhase;
			buildActionMask = 2147483647;
			files = (
				6D29F9772508CC0600F23B70 /* Mao.m in Sources */,
			);
			runOnlyForDeploymentPostprocessing = 0;
		};
/* End PBXSourcesBuildPhase section */

/* Begin PBXTargetDependency section */
		6003F5B4195388D20070C39A /* PBXTargetDependency */ = {
			isa = PBXTargetDependency;
			target = 6003F589195388D20070C39A /* New002_Example */;
			targetProxy = 6003F5B3195388D20070C39A /* PBXContainerItemProxy */;
		};
/* End PBXTargetDependency section */

/* Begin PBXVariantGroup section */
		6003F596195388D20070C39A /* InfoPlist.strings */ = {
			isa = PBXVariantGroup;
			children = (
				6003F597195388D20070C39A /* en */,
			);
			name = InfoPlist.strings;
			sourceTree = "<group>";
		};
		6003F5B8195388D20070C39A /* InfoPlist.strings */ = {
			isa = PBXVariantGroup;
			children = (
				6003F5B9195388D20070C39A /* en */,
			);
			name = InfoPlist.strings;
			sourceTree = "<group>";
		};
		71719F9D1E33DC2100824A3D /* LaunchScreen.storyboard */ = {
			isa = PBXVariantGroup;
			children = (
				71719F9E1E33DC2100824A3D /* Base */,
			);
			name = LaunchScreen.storyboard;
			sourceTree = "<group>";
		};
/* End PBXVariantGroup section */

/* Begin XCBuildConfiguration section */
		6003F5BD195388D20070C39A /* Debug */ = {
			isa = XCBuildConfiguration;
			buildSettings = {
				ALWAYS_SEARCH_USER_PATHS = NO;
				CLANG_CXX_LANGUAGE_STANDARD = "gnu++0x";
				CLANG_CXX_LIBRARY = "libc++";
				CLANG_ENABLE_MODULES = YES;
				CLANG_ENABLE_OBJC_ARC = YES;
				CLANG_WARN_BOOL_CONVERSION = YES;
				CLANG_WARN_CONSTANT_CONVERSION = YES;
				CLANG_WARN_DIRECT_OBJC_ISA_USAGE = YES_ERROR;
				CLANG_WARN_EMPTY_BODY = YES;
				CLANG_WARN_ENUM_CONVERSION = YES;
				CLANG_WARN_INT_CONVERSION = YES;
				CLANG_WARN_OBJC_ROOT_CLASS = YES_ERROR;
				CLANG_WARN__DUPLICATE_METHOD_MATCH = YES;
				"CODE_SIGN_IDENTITY[sdk=iphoneos*]" = "iPhone Developer";
				COPY_PHASE_STRIP = NO;
				ENABLE_TESTABILITY = YES;
				GCC_C_LANGUAGE_STANDARD = gnu99;
				GCC_DYNAMIC_NO_PIC = NO;
				GCC_OPTIMIZATION_LEVEL = 0;
				GCC_PREPROCESSOR_DEFINITIONS = (
					"DEBUG=1",
					"$(inherited)",
				);
				GCC_SYMBOLS_PRIVATE_EXTERN = NO;
				GCC_WARN_64_TO_32_BIT_CONVERSION = YES;
				GCC_WARN_ABOUT_RETURN_TYPE = YES_ERROR;
				GCC_WARN_UNDECLARED_SELECTOR = YES;
				GCC_WARN_UNINITIALIZED_AUTOS = YES_AGGRESSIVE;
				GCC_WARN_UNUSED_FUNCTION = YES;
				GCC_WARN_UNUSED_VARIABLE = YES;
				IPHONEOS_DEPLOYMENT_TARGET = 9.3;
				ONLY_ACTIVE_ARCH = YES;
				SDKROOT = iphoneos;
				TARGETED_DEVICE_FAMILY = "1,2";
			};
			name = Debug;
		};
		6003F5BE195388D20070C39A /* Release */ = {
			isa = XCBuildConfiguration;
			buildSettings = {
				ALWAYS_SEARCH_USER_PATHS = NO;
				CLANG_CXX_LANGUAGE_STANDARD = "gnu++0x";
				CLANG_CXX_LIBRARY = "libc++";
				CLANG_ENABLE_MODULES = YES;
				CLANG_ENABLE_OBJC_ARC = YES;
				CLANG_WARN_BOOL_CONVERSION = YES;
				CLANG_WARN_CONSTANT_CONVERSION = YES;
				CLANG_WARN_DIRECT_OBJC_ISA_USAGE = YES_ERROR;
				CLANG_WARN_EMPTY_BODY = YES;
				CLANG_WARN_ENUM_CONVERSION = YES;
				CLANG_WARN_INT_CONVERSION = YES;
				CLANG_WARN_OBJC_ROOT_CLASS = YES_ERROR;
				CLANG_WARN__DUPLICATE_METHOD_MATCH = YES;
				"CODE_SIGN_IDENTITY[sdk=iphoneos*]" = "iPhone Developer";
				COPY_PHASE_STRIP = YES;
				ENABLE_NS_ASSERTIONS = NO;
				GCC_C_LANGUAGE_STANDARD = gnu99;
				GCC_WARN_64_TO_32_BIT_CONVERSION = YES;
				GCC_WARN_ABOUT_RETURN_TYPE = YES_ERROR;
				GCC_WARN_UNDECLARED_SELECTOR = YES;
				GCC_WARN_UNINITIALIZED_AUTOS = YES_AGGRESSIVE;
				GCC_WARN_UNUSED_FUNCTION = YES;
				GCC_WARN_UNUSED_VARIABLE = YES;
				IPHONEOS_DEPLOYMENT_TARGET = 9.3;
				SDKROOT = iphoneos;
				TARGETED_DEVICE_FAMILY = "1,2";
				VALIDATE_PRODUCT = YES;
			};
			name = Release;
		};
		6003F5C0195388D20070C39A /* Debug */ = {
			isa = XCBuildConfiguration;
			baseConfigurationReference = D5B72640AB362C2983D23DFB /* Pods-New002_Example.debug.xcconfig */;
			buildSettings = {
				ASSETCATALOG_COMPILER_APPICON_NAME = AppIcon;
				GCC_PRECOMPILE_PREFIX_HEADER = YES;
				GCC_PREFIX_HEADER = "New002/New002-Prefix.pch";
				INFOPLIST_FILE = "New002/New002-Info.plist";
				MODULE_NAME = ExampleApp;
				PRODUCT_BUNDLE_IDENTIFIER = "org.cocoapods.demo.${PRODUCT_NAME:rfc1034identifier}";
				PRODUCT_NAME = "$(TARGET_NAME)";
				SWIFT_VERSION = 4.0;
				WRAPPER_EXTENSION = app;
			};
			name = Debug;
		};
		6003F5C1195388D20070C39A /* Release */ = {
			isa = XCBuildConfiguration;
			baseConfigurationReference = 3638C856CE13F8D3F47ACBA2 /* Pods-New002_Example.release.xcconfig */;
			buildSettings = {
				ASSETCATALOG_COMPILER_APPICON_NAME = AppIcon;
				GCC_PRECOMPILE_PREFIX_HEADER = YES;
				GCC_PREFIX_HEADER = "New002/New002-Prefix.pch";
				INFOPLIST_FILE = "New002/New002-Info.plist";
				MODULE_NAME = ExampleApp;
				PRODUCT_BUNDLE_IDENTIFIER = "org.cocoapods.demo.${PRODUCT_NAME:rfc1034identifier}";
				PRODUCT_NAME = "$(TARGET_NAME)";
				SWIFT_VERSION = 4.0;
				WRAPPER_EXTENSION = app;
			};
			name = Release;
		};
		6003F5C3195388D20070C39A /* Debug */ = {
			isa = XCBuildConfiguration;
			baseConfigurationReference = 717FDC701BCA77839FC7BAEC /* Pods-New002_Tests.debug.xcconfig */;
			buildSettings = {
				BUNDLE_LOADER = "$(TEST_HOST)";
				FRAMEWORK_SEARCH_PATHS = (
					"$(PLATFORM_DIR)/Developer/Library/Frameworks",
					"$(inherited)",
					"$(DEVELOPER_FRAMEWORKS_DIR)",
				);
				GCC_PRECOMPILE_PREFIX_HEADER = YES;
				GCC_PREFIX_HEADER = "Tests/Tests-Prefix.pch";
				GCC_PREPROCESSOR_DEFINITIONS = (
					"DEBUG=1",
					"$(inherited)",
				);
				INFOPLIST_FILE = "Tests/Tests-Info.plist";
				PRODUCT_BUNDLE_IDENTIFIER = "org.cocoapods.demo.${PRODUCT_NAME:rfc1034identifier}";
				PRODUCT_NAME = "$(TARGET_NAME)";
				SWIFT_VERSION = 4.0;
				TEST_HOST = "$(BUILT_PRODUCTS_DIR)/New002_Example.app/New002_Example";
				WRAPPER_EXTENSION = xctest;
			};
			name = Debug;
		};
		6003F5C4195388D20070C39A /* Release */ = {
			isa = XCBuildConfiguration;
			baseConfigurationReference = 3215A53C9207E228243FB422 /* Pods-New002_Tests.release.xcconfig */;
			buildSettings = {
				BUNDLE_LOADER = "$(TEST_HOST)";
				FRAMEWORK_SEARCH_PATHS = (
					"$(PLATFORM_DIR)/Developer/Library/Frameworks",
					"$(inherited)",
					"$(DEVELOPER_FRAMEWORKS_DIR)",
				);
				GCC_PRECOMPILE_PREFIX_HEADER = YES;
				GCC_PREFIX_HEADER = "Tests/Tests-Prefix.pch";
				INFOPLIST_FILE = "Tests/Tests-Info.plist";
				PRODUCT_BUNDLE_IDENTIFIER = "org.cocoapods.demo.${PRODUCT_NAME:rfc1034identifier}";
				PRODUCT_NAME = "$(TARGET_NAME)";
				SWIFT_VERSION = 4.0;
				TEST_HOST = "$(BUILT_PRODUCTS_DIR)/New002_Example.app/New002_Example";
				WRAPPER_EXTENSION = xctest;
			};
			name = Release;
		};
		6D29F9732508CBE600F23B70 /* Debug */ = {
			isa = XCBuildConfiguration;
			buildSettings = {
				CLANG_ANALYZER_NONNULL = YES;
				CLANG_ANALYZER_NUMBER_OBJECT_CONVERSION = YES_AGGRESSIVE;
				CLANG_CXX_LANGUAGE_STANDARD = "gnu++14";
				CLANG_ENABLE_OBJC_WEAK = YES;
				CLANG_WARN_BLOCK_CAPTURE_AUTORELEASING = YES;
				CLANG_WARN_COMMA = YES;
				CLANG_WARN_DEPRECATED_OBJC_IMPLEMENTATIONS = YES;
				CLANG_WARN_DOCUMENTATION_COMMENTS = YES;
				CLANG_WARN_INFINITE_RECURSION = YES;
				CLANG_WARN_NON_LITERAL_NULL_CONVERSION = YES;
				CLANG_WARN_OBJC_IMPLICIT_RETAIN_SELF = YES;
				CLANG_WARN_OBJC_LITERAL_CONVERSION = YES;
				CLANG_WARN_RANGE_LOOP_ANALYSIS = YES;
				CLANG_WARN_STRICT_PROTOTYPES = YES;
				CLANG_WARN_SUSPICIOUS_MOVE = YES;
				CLANG_WARN_UNGUARDED_AVAILABILITY = YES_AGGRESSIVE;
				CLANG_WARN_UNREACHABLE_CODE = YES;
				CODE_SIGN_STYLE = Automatic;
				DEBUG_INFORMATION_FORMAT = dwarf;
				ENABLE_STRICT_OBJC_MSGSEND = YES;
				GCC_C_LANGUAGE_STANDARD = gnu11;
				GCC_NO_COMMON_BLOCKS = YES;
				IPHONEOS_DEPLOYMENT_TARGET = 13.6;
				MTL_ENABLE_DEBUG_INFO = INCLUDE_SOURCE;
				MTL_FAST_MATH = YES;
				OTHER_LDFLAGS = "-ObjC";
				PRODUCT_NAME = "$(TARGET_NAME)";
				SKIP_INSTALL = YES;
				TARGETED_DEVICE_FAMILY = "1,2";
			};
			name = Debug;
		};
		6D29F9742508CBE600F23B70 /* Release */ = {
			isa = XCBuildConfiguration;
			buildSettings = {
				CLANG_ANALYZER_NONNULL = YES;
				CLANG_ANALYZER_NUMBER_OBJECT_CONVERSION = YES_AGGRESSIVE;
				CLANG_CXX_LANGUAGE_STANDARD = "gnu++14";
				CLANG_ENABLE_OBJC_WEAK = YES;
				CLANG_WARN_BLOCK_CAPTURE_AUTORELEASING = YES;
				CLANG_WARN_COMMA = YES;
				CLANG_WARN_DEPRECATED_OBJC_IMPLEMENTATIONS = YES;
				CLANG_WARN_DOCUMENTATION_COMMENTS = YES;
				CLANG_WARN_INFINITE_RECURSION = YES;
				CLANG_WARN_NON_LITERAL_NULL_CONVERSION = YES;
				CLANG_WARN_OBJC_IMPLICIT_RETAIN_SELF = YES;
				CLANG_WARN_OBJC_LITERAL_CONVERSION = YES;
				CLANG_WARN_RANGE_LOOP_ANALYSIS = YES;
				CLANG_WARN_STRICT_PROTOTYPES = YES;
				CLANG_WARN_SUSPICIOUS_MOVE = YES;
				CLANG_WARN_UNGUARDED_AVAILABILITY = YES_AGGRESSIVE;
				CLANG_WARN_UNREACHABLE_CODE = YES;
				CODE_SIGN_STYLE = Automatic;
				COPY_PHASE_STRIP = NO;
				DEBUG_INFORMATION_FORMAT = "dwarf-with-dsym";
				ENABLE_STRICT_OBJC_MSGSEND = YES;
				GCC_C_LANGUAGE_STANDARD = gnu11;
				GCC_NO_COMMON_BLOCKS = YES;
				IPHONEOS_DEPLOYMENT_TARGET = 13.6;
				MTL_ENABLE_DEBUG_INFO = NO;
				MTL_FAST_MATH = YES;
				OTHER_LDFLAGS = "-ObjC";
				PRODUCT_NAME = "$(TARGET_NAME)";
				SKIP_INSTALL = YES;
				TARGETED_DEVICE_FAMILY = "1,2";
			};
			name = Release;
		};
/* End XCBuildConfiguration section */

/* Begin XCConfigurationList section */
		6003F585195388D10070C39A /* Build configuration list for PBXProject "New002" */ = {
			isa = XCConfigurationList;
			buildConfigurations = (
				6003F5BD195388D20070C39A /* Debug */,
				6003F5BE195388D20070C39A /* Release */,
			);
			defaultConfigurationIsVisible = 0;
			defaultConfigurationName = Release;
		};
		6003F5BF195388D20070C39A /* Build configuration list for PBXNativeTarget "New002_Example" */ = {
			isa = XCConfigurationList;
			buildConfigurations = (
				6003F5C0195388D20070C39A /* Debug */,
				6003F5C1195388D20070C39A /* Release */,
			);
			defaultConfigurationIsVisible = 0;
			defaultConfigurationName = Release;
		};
		6003F5C2195388D20070C39A /* Build configuration list for PBXNativeTarget "New002_Tests" */ = {
			isa = XCConfigurationList;
			buildConfigurations = (
				6003F5C3195388D20070C39A /* Debug */,
				6003F5C4195388D20070C39A /* Release */,
			);
			defaultConfigurationIsVisible = 0;
			defaultConfigurationName = Release;
		};
		6D29F9722508CBE600F23B70 /* Build configuration list for PBXNativeTarget "New002binary" */ = {
			isa = XCConfigurationList;
			buildConfigurations = (
				6D29F9732508CBE600F23B70 /* Debug */,
				6D29F9742508CBE600F23B70 /* Release */,
			);
			defaultConfigurationIsVisible = 0;
			defaultConfigurationName = Release;
		};
/* End XCConfigurationList section */
	};
	rootObject = 6003F582195388D10070C39A /* Project object */;
}
